
Microsoft Visual Studio Solution File, Format Version 12.00
# Visual Studio Version 17
VisualStudioVersion = 17.9.34728.123
MinimumVisualStudioVersion = 10.0.40219.1
Project("{9A19103F-16F7-4668-BE54-9A1E7A4F7556}") = "WebThree", "WebThree\WebThree.csproj", "{3D9EDDB1-5F7D-41E5-A065-5BBA627B32D9}"
EndProject
Project("{9A19103F-16F7-4668-BE54-9A1E7A4F7556}") = "WebThreeOneService", "WebThreeOneService\WebThreeOneService.csproj", "{AC252A68-3571-4CE0-8FF7-066C490C9B23}"
EndProject
Project("{9A19103F-16F7-4668-BE54-9A1E7A4F7556}") = "WebThreeTwoService", "WebThreeTwoService\WebThreeTwoService.csproj", "{D04F0291-2343-47E4-81E1-21F96468BEE5}"
EndProject
Project("{9A19103F-16F7-4668-BE54-9A1E7A4F7556}") = "WebThreeThreeService", "WebThreeThreeService\WebThreeThreeService.csproj", "{34B72B7D-0DAB-4F62-B679-D84889C9A417}"
EndProject
Project("{9A19103F-16F7-4668-BE54-9A1E7A4F7556}") = "Bus", "Bus\Bus.csproj", "{837B5B25-4CC7-4323-B378-5E678136135B}"
EndProject
Project("{FAE04EC0-301F-11D3-BF4B-00C04F79EFBC}") = "DAO", "DAO\DAO.csproj", "{5AF5C59A-8CC7-459D-AB3B-DF0E47557563}"
EndProject
Global
	GlobalSection(SolutionConfigurationPlatforms) = preSolution
		Debug|Any CPU = Debug|Any CPU
		Release|Any CPU = Release|Any CPU
	EndGlobalSection
	GlobalSection(ProjectConfigurationPlatforms) = postSolution
		{3D9EDDB1-5F7D-41E5-A065-5BBA627B32D9}.Debug|Any CPU.ActiveCfg = Debug|Any CPU
		{3D9EDDB1-5F7D-41E5-A065-5BBA627B32D9}.Debug|Any CPU.Build.0 = Debug|Any CPU
		{3D9EDDB1-5F7D-41E5-A065-5BBA627B32D9}.Release|Any CPU.ActiveCfg = Release|Any CPU
		{3D9EDDB1-5F7D-41E5-A065-5BBA627B32D9}.Release|Any CPU.Build.0 = Release|Any CPU
		{AC252A68-3571-4CE0-8FF7-066C490C9B23}.Debug|Any CPU.ActiveCfg = Debug|Any CPU
		{AC252A68-3571-4CE0-8FF7-066C490C9B23}.Debug|Any CPU.Build.0 = Debug|Any CPU
		{AC252A68-3571-4CE0-8FF7-066C490C9B23}.Release|Any CPU.ActiveCfg = Release|Any CPU
		{AC252A68-3571-4CE0-8FF7-066C490C9B23}.Release|Any CPU.Build.0 = Release|Any CPU
		{D04F0291-2343-47E4-81E1-21F96468BEE5}.Debug|Any CPU.ActiveCfg = Debug|Any CPU
		{D04F0291-2343-47E4-81E1-21F96468BEE5}.Debug|Any CPU.Build.0 = Debug|Any CPU
		{D04F0291-2343-47E4-81E1-21F96468BEE5}.Release|Any CPU.ActiveCfg = Release|Any CPU
		{D04F0291-2343-47E4-81E1-21F96468BEE5}.Release|Any CPU.Build.0 = Release|Any CPU
		{34B72B7D-0DAB-4F62-B679-D84889C9A417}.Debug|Any CPU.ActiveCfg = Debug|Any CPU
		{34B72B7D-0DAB-4F62-B679-D84889C9A417}.Debug|Any CPU.Build.0 = Debug|Any CPU
		{34B72B7D-0DAB-4F62-B679-D84889C9A417}.Release|Any CPU.ActiveCfg = Release|Any CPU
		{34B72B7D-0DAB-4F62-B679-D84889C9A417}.Release|Any CPU.Build.0 = Release|Any CPU
		{837B5B25-4CC7-4323-B378-5E678136135B}.Debug|Any CPU.ActiveCfg = Debug|Any CPU
		{837B5B25-4CC7-4323-B378-5E678136135B}.Debug|Any CPU.Build.0 = Debug|Any CPU
		{837B5B25-4CC7-4323-B378-5E678136135B}.Release|Any CPU.ActiveCfg = Release|Any CPU
		{837B5B25-4CC7-4323-B378-5E678136135B}.Release|Any CPU.Build.0 = Release|Any CPU
		{5AF5C59A-8CC7-459D-AB3B-DF0E47557563}.Debug|Any CPU.ActiveCfg = Debug|Any CPU
		{5AF5C59A-8CC7-459D-AB3B-DF0E47557563}.Debug|Any CPU.Build.0 = Debug|Any CPU
		{5AF5C59A-8CC7-459D-AB3B-DF0E47557563}.Release|Any CPU.ActiveCfg = Release|Any CPU
		{5AF5C59A-8CC7-459D-AB3B-DF0E47557563}.Release|Any CPU.Build.0 = Release|Any CPU
	EndGlobalSection
	GlobalSection(SolutionProperties) = preSolution
		HideSolutionNode = FALSE
	EndGlobalSection
	GlobalSection(ExtensibilityGlobals) = postSolution
		SolutionGuid = {313B0366-2F35-49FA-BEFC-7E4A74993546}
	EndGlobalSection
EndGlobal
